
Microsoft Visual Studio Solution File, Format Version 12.00
Project("{FAE04EC0-301F-11D3-BF4B-00C04F79EFBC}") = "Trie", "Trie\Trie.csproj", "{DE33F05B-15DA-4DE3-A2A5-2EEC40B1880D}"
EndProject
Project("{FAE04EC0-301F-11D3-BF4B-00C04F79EFBC}") = "Trie.Tests", "Trie.Tests\Trie.Tests.csproj", "{3CDD91C9-61EE-479A-9935-98E96608D7A6}"
EndProject
Global
	GlobalSection(SolutionConfigurationPlatforms) = preSolution
		Debug|Any CPU = Debug|Any CPU
		Release|Any CPU = Release|Any CPU
	EndGlobalSection
	GlobalSection(ProjectConfigurationPlatforms) = postSolution
		{DE33F05B-15DA-4DE3-A2A5-2EEC40B1880D}.Debug|Any CPU.ActiveCfg = Debug|Any CPU
		{DE33F05B-15DA-4DE3-A2A5-2EEC40B1880D}.Debug|Any CPU.Build.0 = Debug|Any CPU
		{DE33F05B-15DA-4DE3-A2A5-2EEC40B1880D}.Release|Any CPU.ActiveCfg = Release|Any CPU
		{DE33F05B-15DA-4DE3-A2A5-2EEC40B1880D}.Release|Any CPU.Build.0 = Release|Any CPU
		{3CDD91C9-61EE-479A-9935-98E96608D7A6}.Debug|Any CPU.ActiveCfg = Debug|Any CPU
		{3CDD91C9-61EE-479A-9935-98E96608D7A6}.Debug|Any CPU.Build.0 = Debug|Any CPU
		{3CDD91C9-61EE-479A-9935-98E96608D7A6}.Release|Any CPU.ActiveCfg = Release|Any CPU
		{3CDD91C9-61EE-479A-9935-98E96608D7A6}.Release|Any CPU.Build.0 = Release|Any CPU
	EndGlobalSection
EndGlobal
